
Microsoft Visual Studio Solution File, Format Version 12.00
# Visual Studio Version 16
VisualStudioVersion = 16.0.30523.141
MinimumVisualStudioVersion = 10.0.40219.1
Project("{FAE04EC0-301F-11D3-BF4B-00C04F79EFBC}") = "KolkoKrzyzyk.UWP", "KolkoKrzyzyk\KolkoKrzyzyk.UWP\KolkoKrzyzyk.UWP.csproj", "{8200713C-8559-4E10-A54E-174B926414DC}"
EndProject
Project("{FAE04EC0-301F-11D3-BF4B-00C04F79EFBC}") = "KolkoKrzyzyk.Android", "KolkoKrzyzyk\KolkoKrzyzyk.Android\KolkoKrzyzyk.Android.csproj", "{C78BDEAB-2E44-4360-B232-59E840BCE01F}"
EndProject
Project("{FAE04EC0-301F-11D3-BF4B-00C04F79EFBC}") = "KolkoKrzyzyk.iOS", "KolkoKrzyzyk\KolkoKrzyzyk.iOS\KolkoKrzyzyk.iOS.csproj", "{D3BED5A2-5FD5-4EFF-98C3-66C5246E9D8B}"
EndProject
Project("{FAE04EC0-301F-11D3-BF4B-00C04F79EFBC}") = "KolkoKrzyzyk", "KolkoKrzyzyk\KolkoKrzyzyk\KolkoKrzyzyk.csproj", "{6175DCF7-B20F-4763-A55D-57A72DC62CDB}"
EndProject
Global
	GlobalSection(SolutionConfigurationPlatforms) = preSolution
		Debug|Any CPU = Debug|Any CPU
		Debug|ARM = Debug|ARM
		Debug|iPhone = Debug|iPhone
		Debug|iPhoneSimulator = Debug|iPhoneSimulator
		Debug|x64 = Debug|x64
		Debug|x86 = Debug|x86
		Release|Any CPU = Release|Any CPU
		Release|ARM = Release|ARM
		Release|iPhone = Release|iPhone
		Release|iPhoneSimulator = Release|iPhoneSimulator
		Release|x64 = Release|x64
		Release|x86 = Release|x86
	EndGlobalSection
	GlobalSection(ProjectConfigurationPlatforms) = postSolution
		{8200713C-8559-4E10-A54E-174B926414DC}.Debug|Any CPU.ActiveCfg = Debug|x86
		{8200713C-8559-4E10-A54E-174B926414DC}.Debug|Any CPU.Build.0 = Debug|x86
		{8200713C-8559-4E10-A54E-174B926414DC}.Debug|Any CPU.Deploy.0 = Debug|x86
		{8200713C-8559-4E10-A54E-174B926414DC}.Debug|ARM.ActiveCfg = Debug|ARM
		{8200713C-8559-4E10-A54E-174B926414DC}.Debug|ARM.Build.0 = Debug|ARM
		{8200713C-8559-4E10-A54E-174B926414DC}.Debug|ARM.Deploy.0 = Debug|ARM
		{8200713C-8559-4E10-A54E-174B926414DC}.Debug|iPhone.ActiveCfg = Debug|x86
		{8200713C-8559-4E10-A54E-174B926414DC}.Debug|iPhone.Build.0 = Debug|x86
		{8200713C-8559-4E10-A54E-174B926414DC}.Debug|iPhone.Deploy.0 = Debug|x86
		{8200713C-8559-4E10-A54E-174B926414DC}.Debug|iPhoneSimulator.ActiveCfg = Debug|x86
		{8200713C-8559-4E10-A54E-174B926414DC}.Debug|iPhoneSimulator.Build.0 = Debug|x86
		{8200713C-8559-4E10-A54E-174B926414DC}.Debug|iPhoneSimulator.Deploy.0 = Debug|x86
		{8200713C-8559-4E10-A54E-174B926414DC}.Debug|x64.ActiveCfg = Debug|x64
		{8200713C-8559-4E10-A54E-174B926414DC}.Debug|x64.Build.0 = Debug|x64
		{8200713C-8559-4E10-A54E-174B926414DC}.Debug|x64.Deploy.0 = Debug|x64
		{8200713C-8559-4E10-A54E-174B926414DC}.Debug|x86.ActiveCfg = Debug|x86
		{8200713C-8559-4E10-A54E-174B926414DC}.Debug|x86.Build.0 = Debug|x86
		{8200713C-8559-4E10-A54E-174B926414DC}.Debug|x86.Deploy.0 = Debug|x86
		{8200713C-8559-4E10-A54E-174B926414DC}.Release|Any CPU.ActiveCfg = Release|x86
		{8200713C-8559-4E10-A54E-174B926414DC}.Release|Any CPU.Build.0 = Release|x86
		{8200713C-8559-4E10-A54E-174B926414DC}.Release|Any CPU.Deploy.0 = Release|x86
		{8200713C-8559-4E10-A54E-174B926414DC}.Release|ARM.ActiveCfg = Release|ARM
		{8200713C-8559-4E10-A54E-174B926414DC}.Release|ARM.Build.0 = Release|ARM
		{8200713C-8559-4E10-A54E-174B926414DC}.Release|ARM.Deploy.0 = Release|ARM
		{8200713C-8559-4E10-A54E-174B926414DC}.Release|iPhone.ActiveCfg = Release|x86
		{8200713C-8559-4E10-A54E-174B926414DC}.Release|iPhone.Build.0 = Release|x86
		{8200713C-8559-4E10-A54E-174B926414DC}.Release|iPhone.Deploy.0 = Release|x86
		{8200713C-8559-4E10-A54E-174B926414DC}.Release|iPhoneSimulator.ActiveCfg = Release|x86
		{8200713C-8559-4E10-A54E-174B926414DC}.Release|iPhoneSimulator.Build.0 = Release|x86
		{8200713C-8559-4E10-A54E-174B926414DC}.Release|iPhoneSimulator.Deploy.0 = Release|x86
		{8200713C-8559-4E10-A54E-174B926414DC}.Release|x64.ActiveCfg = Release|x64
		{8200713C-8559-4E10-A54E-174B926414DC}.Release|x64.Build.0 = Release|x64
		{8200713C-8559-4E10-A54E-174B926414DC}.Release|x64.Deploy.0 = Release|x64
		{8200713C-8559-4E10-A54E-174B926414DC}.Release|x86.ActiveCfg = Release|x86
		{8200713C-8559-4E10-A54E-174B926414DC}.Release|x86.Build.0 = Release|x86
		{8200713C-8559-4E10-A54E-174B926414DC}.Release|x86.Deploy.0 = Release|x86
		{C78BDEAB-2E44-4360-B232-59E840BCE01F}.Debug|Any CPU.ActiveCfg = Debug|Any CPU
		{C78BDEAB-2E44-4360-B232-59E840BCE01F}.Debug|Any CPU.Build.0 = Debug|Any CPU
		{C78BDEAB-2E44-4360-B232-59E840BCE01F}.Debug|Any CPU.Deploy.0 = Debug|Any CPU
		{C78BDEAB-2E44-4360-B232-59E840BCE01F}.Debug|ARM.ActiveCfg = Debug|Any CPU
		{C78BDEAB-2E44-4360-B232-59E840BCE01F}.Debug|ARM.Build.0 = Debug|Any CPU
		{C78BDEAB-2E44-4360-B232-59E840BCE01F}.Debug|ARM.Deploy.0 = Debug|Any CPU
		{C78BDEAB-2E44-4360-B232-59E840BCE01F}.Debug|iPhone.ActiveCfg = Debug|Any CPU
		{C78BDEAB-2E44-4360-B232-59E840BCE01F}.Debug|iPhone.Build.0 = Debug|Any CPU
		{C78BDEAB-2E44-4360-B232-59E840BCE01F}.Debug|iPhone.Deploy.0 = Debug|Any CPU
		{C78BDEAB-2E44-4360-B232-59E840BCE01F}.Debug|iPhoneSimulator.ActiveCfg = Debug|Any CPU
		{C78BDEAB-2E44-4360-B232-59E840BCE01F}.Debug|iPhoneSimulator.Build.0 = Debug|Any CPU
		{C78BDEAB-2E44-4360-B232-59E840BCE01F}.Debug|iPhoneSimulator.Deploy.0 = Debug|Any CPU
		{C78BDEAB-2E44-4360-B232-59E840BCE01F}.Debug|x64.ActiveCfg = Debug|Any CPU
		{C78BDEAB-2E44-4360-B232-59E840BCE01F}.Debug|x64.Build.0 = Debug|Any CPU
		{C78BDEAB-2E44-4360-B232-59E840BCE01F}.Debug|x64.Deploy.0 = Debug|Any CPU
		{C78BDEAB-2E44-4360-B232-59E840BCE01F}.Debug|x86.ActiveCfg = Debug|Any CPU
		{C78BDEAB-2E44-4360-B232-59E840BCE01F}.Debug|x86.Build.0 = Debug|Any CPU
		{C78BDEAB-2E44-4360-B232-59E840BCE01F}.Debug|x86.Deploy.0 = Debug|Any CPU
		{C78BDEAB-2E44-4360-B232-59E840BCE01F}.Release|Any CPU.ActiveCfg = Release|Any CPU
		{C78BDEAB-2E44-4360-B232-59E840BCE01F}.Release|Any CPU.Build.0 = Release|Any CPU
		{C78BDEAB-2E44-4360-B232-59E840BCE01F}.Release|Any CPU.Deploy.0 = Release|Any CPU
		{C78BDEAB-2E44-4360-B232-59E840BCE01F}.Release|ARM.ActiveCfg = Release|Any CPU
		{C78BDEAB-2E44-4360-B232-59E840BCE01F}.Release|ARM.Build.0 = Release|Any CPU
		{C78BDEAB-2E44-4360-B232-59E840BCE01F}.Release|ARM.Deploy.0 = Release|Any CPU
		{C78BDEAB-2E44-4360-B232-59E840BCE01F}.Release|iPhone.ActiveCfg = Release|Any CPU
		{C78BDEAB-2E44-4360-B232-59E840BCE01F}.Release|iPhone.Build.0 = Release|Any CPU
		{C78BDEAB-2E44-4360-B232-59E840BCE01F}.Release|iPhone.Deploy.0 = Release|Any CPU
		{C78BDEAB-2E44-4360-B232-59E840BCE01F}.Release|iPhoneSimulator.ActiveCfg = Release|Any CPU
		{C78BDEAB-2E44-4360-B232-59E840BCE01F}.Release|iPhoneSimulator.Build.0 = Release|Any CPU
		{C78BDEAB-2E44-4360-B232-59E840BCE01F}.Release|iPhoneSimulator.Deploy.0 = Release|Any CPU
		{C78BDEAB-2E44-4360-B232-59E840BCE01F}.Release|x64.ActiveCfg = Release|Any CPU
		{C78BDEAB-2E44-4360-B232-59E840BCE01F}.Release|x64.Build.0 = Release|Any CPU
		{C78BDEAB-2E44-4360-B232-59E840BCE01F}.Release|x64.Deploy.0 = Release|Any CPU
		{C78BDEAB-2E44-4360-B232-59E840BCE01F}.Release|x86.ActiveCfg = Release|Any CPU
		{C78BDEAB-2E44-4360-B232-59E840BCE01F}.Release|x86.Build.0 = Release|Any CPU
		{C78BDEAB-2E44-4360-B232-59E840BCE01F}.Release|x86.Deploy.0 = Release|Any CPU
		{D3BED5A2-5FD5-4EFF-98C3-66C5246E9D8B}.Debug|Any CPU.ActiveCfg = Debug|iPhoneSimulator
		{D3BED5A2-5FD5-4EFF-98C3-66C5246E9D8B}.Debug|Any CPU.Build.0 = Debug|iPhoneSimulator
		{D3BED5A2-5FD5-4EFF-98C3-66C5246E9D8B}.Debug|Any CPU.Deploy.0 = Debug|iPhoneSimulator
		{D3BED5A2-5FD5-4EFF-98C3-66C5246E9D8B}.Debug|ARM.ActiveCfg = Debug|iPhone
		{D3BED5A2-5FD5-4EFF-98C3-66C5246E9D8B}.Debug|ARM.Build.0 = Debug|iPhone
		{D3BED5A2-5FD5-4EFF-98C3-66C5246E9D8B}.Debug|ARM.Deploy.0 = Debug|iPhone
		{D3BED5A2-5FD5-4EFF-98C3-66C5246E9D8B}.Debug|iPhone.ActiveCfg = Debug|iPhone
		{D3BED5A2-5FD5-4EFF-98C3-66C5246E9D8B}.Debug|iPhone.Build.0 = Debug|iPhone
		{D3BED5A2-5FD5-4EFF-98C3-66C5246E9D8B}.Debug|iPhone.Deploy.0 = Debug|iPhone
		{D3BED5A2-5FD5-4EFF-98C3-66C5246E9D8B}.Debug|iPhoneSimulator.ActiveCfg = Debug|iPhoneSimulator
		{D3BED5A2-5FD5-4EFF-98C3-66C5246E9D8B}.Debug|iPhoneSimulator.Build.0 = Debug|iPhoneSimulator
		{D3BED5A2-5FD5-4EFF-98C3-66C5246E9D8B}.Debug|iPhoneSimulator.Deploy.0 = Debug|iPhoneSimulator
		{D3BED5A2-5FD5-4EFF-98C3-66C5246E9D8B}.Debug|x64.ActiveCfg = Debug|iPhoneSimulator
		{D3BED5A2-5FD5-4EFF-98C3-66C5246E9D8B}.Debug|x64.Build.0 = Debug|iPhoneSimulator
		{D3BED5A2-5FD5-4EFF-98C3-66C5246E9D8B}.Debug|x64.Deploy.0 = Debug|iPhoneSimulator
		{D3BED5A2-5FD5-4EFF-98C3-66C5246E9D8B}.Debug|x86.ActiveCfg = Debug|iPhoneSimulator
		{D3BED5A2-5FD5-4EFF-98C3-66C5246E9D8B}.Debug|x86.Build.0 = Debug|iPhoneSimulator
		{D3BED5A2-5FD5-4EFF-98C3-66C5246E9D8B}.Debug|x86.Deploy.0 = Debug|iPhoneSimulator
		{D3BED5A2-5FD5-4EFF-98C3-66C5246E9D8B}.Release|Any CPU.ActiveCfg = Release|iPhoneSimulator
		{D3BED5A2-5FD5-4EFF-98C3-66C5246E9D8B}.Release|Any CPU.Build.0 = Release|iPhoneSimulator
		{D3BED5A2-5FD5-4EFF-98C3-66C5246E9D8B}.Release|Any CPU.Deploy.0 = Release|iPhoneSimulator
		{D3BED5A2-5FD5-4EFF-98C3-66C5246E9D8B}.Release|ARM.ActiveCfg = Release|iPhoneSimulator
		{D3BED5A2-5FD5-4EFF-98C3-66C5246E9D8B}.Release|ARM.Build.0 = Release|iPhoneSimulator
		{D3BED5A2-5FD5-4EFF-98C3-66C5246E9D8B}.Release|ARM.Deploy.0 = Release|iPhoneSimulator
		{D3BED5A2-5FD5-4EFF-98C3-66C5246E9D8B}.Release|iPhone.ActiveCfg = Release|iPhone
		{D3BED5A2-5FD5-4EFF-98C3-66C5246E9D8B}.Release|iPhone.Build.0 = Release|iPhone
		{D3BED5A2-5FD5-4EFF-98C3-66C5246E9D8B}.Release|iPhone.Deploy.0 = Release|iPhone
		{D3BED5A2-5FD5-4EFF-98C3-66C5246E9D8B}.Release|iPhoneSimulator.ActiveCfg = Release|iPhoneSimulator
		{D3BED5A2-5FD5-4EFF-98C3-66C5246E9D8B}.Release|iPhoneSimulator.Build.0 = Release|iPhoneSimulator
		{D3BED5A2-5FD5-4EFF-98C3-66C5246E9D8B}.Release|iPhoneSimulator.Deploy.0 = Release|iPhoneSimulator
		{D3BED5A2-5FD5-4EFF-98C3-66C5246E9D8B}.Release|x64.ActiveCfg = Release|iPhoneSimulator
		{D3BED5A2-5FD5-4EFF-98C3-66C5246E9D8B}.Release|x64.Build.0 = Release|iPhoneSimulator
		{D3BED5A2-5FD5-4EFF-98C3-66C5246E9D8B}.Release|x64.Deploy.0 = Release|iPhoneSimulator
		{D3BED5A2-5FD5-4EFF-98C3-66C5246E9D8B}.Release|x86.ActiveCfg = Release|iPhoneSimulator
		{D3BED5A2-5FD5-4EFF-98C3-66C5246E9D8B}.Release|x86.Build.0 = Release|iPhoneSimulator
		{D3BED5A2-5FD5-4EFF-98C3-66C5246E9D8B}.Release|x86.Deploy.0 = Release|iPhoneSimulator
		{6175DCF7-B20F-4763-A55D-57A72DC62CDB}.Debug|Any CPU.ActiveCfg = Debug|Any CPU
		{6175DCF7-B20F-4763-A55D-57A72DC62CDB}.Debug|Any CPU.Build.0 = Debug|Any CPU
		{6175DCF7-B20F-4763-A55D-57A72DC62CDB}.Debug|Any CPU.Deploy.0 = Debug|Any CPU
		{6175DCF7-B20F-4763-A55D-57A72DC62CDB}.Debug|ARM.ActiveCfg = Debug|Any CPU
		{6175DCF7-B20F-4763-A55D-57A72DC62CDB}.Debug|ARM.Build.0 = Debug|Any CPU
		{6175DCF7-B20F-4763-A55D-57A72DC62CDB}.Debug|ARM.Deploy.0 = Debug|Any CPU
		{6175DCF7-B20F-4763-A55D-57A72DC62CDB}.Debug|iPhone.ActiveCfg = Debug|Any CPU
		{6175DCF7-B20F-4763-A55D-57A72DC62CDB}.Debug|iPhone.Build.0 = Debug|Any CPU
		{6175DCF7-B20F-4763-A55D-57A72DC62CDB}.Debug|iPhone.Deploy.0 = Debug|Any CPU
		{6175DCF7-B20F-4763-A55D-57A72DC62CDB}.Debug|iPhoneSimulator.ActiveCfg = Debug|Any CPU
		{6175DCF7-B20F-4763-A55D-57A72DC62CDB}.Debug|iPhoneSimulator.Build.0 = Debug|Any CPU
		{6175DCF7-B20F-4763-A55D-57A72DC62CDB}.Debug|iPhoneSimulator.Deploy.0 = Debug|Any CPU
		{6175DCF7-B20F-4763-A55D-57A72DC62CDB}.Debug|x64.ActiveCfg = Debug|Any CPU
		{6175DCF7-B20F-4763-A55D-57A72DC62CDB}.Debug|x64.Build.0 = Debug|Any CPU
		{6175DCF7-B20F-4763-A55D-57A72DC62CDB}.Debug|x64.Deploy.0 = Debug|Any CPU
		{6175DCF7-B20F-4763-A55D-57A72DC62CDB}.Debug|x86.ActiveCfg = Debug|Any CPU
		{6175DCF7-B20F-4763-A55D-57A72DC62CDB}.Debug|x86.Build.0 = Debug|Any CPU
		{6175DCF7-B20F-4763-A55D-57A72DC62CDB}.Debug|x86.Deploy.0 = Debug|Any CPU
		{6175DCF7-B20F-4763-A55D-57A72DC62CDB}.Release|Any CPU.ActiveCfg = Release|Any CPU
		{6175DCF7-B20F-4763-A55D-57A72DC62CDB}.Release|Any CPU.Build.0 = Release|Any CPU
		{6175DCF7-B20F-4763-A55D-57A72DC62CDB}.Release|Any CPU.Deploy.0 = Release|Any CPU
		{6175DCF7-B20F-4763-A55D-57A72DC62CDB}.Release|ARM.ActiveCfg = Release|Any CPU
		{6175DCF7-B20F-4763-A55D-57A72DC62CDB}.Release|ARM.Build.0 = Release|Any CPU
		{6175DCF7-B20F-4763-A55D-57A72DC62CDB}.Release|ARM.Deploy.0 = Release|Any CPU
		{6175DCF7-B20F-4763-A55D-57A72DC62CDB}.Release|iPhone.ActiveCfg = Release|Any CPU
		{6175DCF7-B20F-4763-A55D-57A72DC62CDB}.Release|iPhone.Build.0 = Release|Any CPU
		{6175DCF7-B20F-4763-A55D-57A72DC62CDB}.Release|iPhone.Deploy.0 = Release|Any CPU
		{6175DCF7-B20F-4763-A55D-57A72DC62CDB}.Release|iPhoneSimulator.ActiveCfg = Release|Any CPU
		{6175DCF7-B20F-4763-A55D-57A72DC62CDB}.Release|iPhoneSimulator.Build.0 = Release|Any CPU
		{6175DCF7-B20F-4763-A55D-57A72DC62CDB}.Release|iPhoneSimulator.Deploy.0 = Release|Any CPU
		{6175DCF7-B20F-4763-A55D-57A72DC62CDB}.Release|x64.ActiveCfg = Release|Any CPU
		{6175DCF7-B20F-4763-A55D-57A72DC62CDB}.Release|x64.Build.0 = Release|Any CPU
		{6175DCF7-B20F-4763-A55D-57A72DC62CDB}.Release|x64.Deploy.0 = Release|Any CPU
		{6175DCF7-B20F-4763-A55D-57A72DC62CDB}.Release|x86.ActiveCfg = Release|Any CPU
		{6175DCF7-B20F-4763-A55D-57A72DC62CDB}.Release|x86.Build.0 = Release|Any CPU
		{6175DCF7-B20F-4763-A55D-57A72DC62CDB}.Release|x86.Deploy.0 = Release|Any CPU
	EndGlobalSection
	GlobalSection(SolutionProperties) = preSolution
		HideSolutionNode = FALSE
	EndGlobalSection
	GlobalSection(ExtensibilityGlobals) = postSolution
		SolutionGuid = {3DF330D9-A6A2-42CE-89EC-30D38E444E8B}
	EndGlobalSection
EndGlobal
